
Microsoft Visual Studio Solution File, Format Version 12.00
# Visual Studio Version 17
VisualStudioVersion = 17.6.33829.357
MinimumVisualStudioVersion = 10.0.40219.1
Project("{FAE04EC0-301F-11D3-BF4B-00C04F79EFBC}") = "SipayApi", "SipayApi\SipayApi.csproj", "{A3BF9750-84BC-46D9-A424-AB52614FEBA1}"
EndProject
Global
	GlobalSection(SolutionConfigurationPlatforms) = preSolution
		Debug|Any CPU = Debug|Any CPU
		Release|Any CPU = Release|Any CPU
	EndGlobalSection
	GlobalSection(ProjectConfigurationPlatforms) = postSolution
		{A3BF9750-84BC-46D9-A424-AB52614FEBA1}.Debug|Any CPU.ActiveCfg = Debug|Any CPU
		{A3BF9750-84BC-46D9-A424-AB52614FEBA1}.Debug|Any CPU.Build.0 = Debug|Any CPU
		{A3BF9750-84BC-46D9-A424-AB52614FEBA1}.Release|Any CPU.ActiveCfg = Release|Any CPU
		{A3BF9750-84BC-46D9-A424-AB52614FEBA1}.Release|Any CPU.Build.0 = Release|Any CPU
	EndGlobalSection
	GlobalSection(SolutionProperties) = preSolution
		HideSolutionNode = FALSE
	EndGlobalSection
	GlobalSection(ExtensibilityGlobals) = postSolution
		SolutionGuid = {AF7A9F07-8F29-415B-9D25-5447F21DE577}
	EndGlobalSection
EndGlobal
